// !$*UTF8*$!
{
	archiveVersion = 1;
	classes = {
	};
	objectVersion = 56;
	objects = {

/* Begin PBXBuildFile section */
		17B4E19C295CFC3C00940758 /* WeatherManager.swift in Sources */ = {isa = PBXBuildFile; fileRef = 17B4E19B295CFC3C00940758 /* WeatherManager.swift */; };
		17B4E1A0295D6A3900940758 /* Weather Data.swift in Sources */ = {isa = PBXBuildFile; fileRef = 17B4E19F295D6A3900940758 /* Weather Data.swift */; };
		17B4E1A2295EBDF600940758 /* Weather Model.swift in Sources */ = {isa = PBXBuildFile; fileRef = 17B4E1A1295EBDF600940758 /* Weather Model.swift */; };
		17C6A316295420AB004E7234 /* AppDelegate.swift in Sources */ = {isa = PBXBuildFile; fileRef = 17C6A315295420AB004E7234 /* AppDelegate.swift */; };
		17C6A318295420AB004E7234 /* SceneDelegate.swift in Sources */ = {isa = PBXBuildFile; fileRef = 17C6A317295420AB004E7234 /* SceneDelegate.swift */; };
		17C6A31A295420AB004E7234 /* WeatherViewController.swift in Sources */ = {isa = PBXBuildFile; fileRef = 17C6A319295420AB004E7234 /* WeatherViewController.swift */; };
		17C6A31D295420AB004E7234 /* Main.storyboard in Resources */ = {isa = PBXBuildFile; fileRef = 17C6A31B295420AB004E7234 /* Main.storyboard */; };
		17C6A31F295420AC004E7234 /* Assets.xcassets in Resources */ = {isa = PBXBuildFile; fileRef = 17C6A31E295420AC004E7234 /* Assets.xcassets */; };
		17C6A322295420AC004E7234 /* LaunchScreen.storyboard in Resources */ = {isa = PBXBuildFile; fileRef = 17C6A320295420AC004E7234 /* LaunchScreen.storyboard */; };
/* End PBXBuildFile section */

/* Begin PBXFileReference section */
		1743C8552966876C006F2252 /* README.md */ = {isa = PBXFileReference; lastKnownFileType = net.daringfireball.markdown; path = README.md; sourceTree = "<group>"; };
		17B4E19B295CFC3C00940758 /* WeatherManager.swift */ = {isa = PBXFileReference; lastKnownFileType = sourcecode.swift; path = WeatherManager.swift; sourceTree = "<group>"; };
		17B4E19F295D6A3900940758 /* Weather Data.swift */ = {isa = PBXFileReference; lastKnownFileType = sourcecode.swift; path = "Weather Data.swift"; sourceTree = "<group>"; };
		17B4E1A1295EBDF600940758 /* Weather Model.swift */ = {isa = PBXFileReference; lastKnownFileType = sourcecode.swift; path = "Weather Model.swift"; sourceTree = "<group>"; };
		17C6A312295420AB004E7234 /* Clima_bymyself.app */ = {isa = PBXFileReference; explicitFileType = wrapper.application; includeInIndex = 0; path = Clima_bymyself.app; sourceTree = BUILT_PRODUCTS_DIR; };
		17C6A315295420AB004E7234 /* AppDelegate.swift */ = {isa = PBXFileReference; lastKnownFileType = sourcecode.swift; path = AppDelegate.swift; sourceTree = "<group>"; };
		17C6A317295420AB004E7234 /* SceneDelegate.swift */ = {isa = PBXFileReference; lastKnownFileType = sourcecode.swift; path = SceneDelegate.swift; sourceTree = "<group>"; };
		17C6A319295420AB004E7234 /* WeatherViewController.swift */ = {isa = PBXFileReference; lastKnownFileType = sourcecode.swift; path = WeatherViewController.swift; sourceTree = "<group>"; };
		17C6A31C295420AB004E7234 /* Base */ = {isa = PBXFileReference; lastKnownFileType = file.storyboard; name = Base; path = Base.lproj/Main.storyboard; sourceTree = "<group>"; };
		17C6A31E295420AC004E7234 /* Assets.xcassets */ = {isa = PBXFileReference; lastKnownFileType = folder.assetcatalog; path = Assets.xcassets; sourceTree = "<group>"; };
		17C6A321295420AC004E7234 /* Base */ = {isa = PBXFileReference; lastKnownFileType = file.storyboard; name = Base; path = Base.lproj/LaunchScreen.storyboard; sourceTree = "<group>"; };
		17C6A323295420AC004E7234 /* Info.plist */ = {isa = PBXFileReference; lastKnownFileType = text.plist.xml; path = Info.plist; sourceTree = "<group>"; };
/* End PBXFileReference section */

/* Begin PBXFrameworksBuildPhase section */
		17C6A30F295420AB004E7234 /* Frameworks */ = {
			isa = PBXFrameworksBuildPhase;
			buildActionMask = 2147483647;
			files = (
			);
			runOnlyForDeploymentPostprocessing = 0;
		};
/* End PBXFrameworksBuildPhase section */

/* Begin PBXGroup section */
		17B4E19A295CFC1B00940758 /* Controller */ = {
			isa = PBXGroup;
			children = (
				17C6A319295420AB004E7234 /* WeatherViewController.swift */,
			);
			path = Controller;
			sourceTree = "<group>";
		};
		17B4E19D295CFC8800940758 /* View */ = {
			isa = PBXGroup;
			children = (
				17C6A31B295420AB004E7234 /* Main.storyboard */,
			);
			path = View;
			sourceTree = "<group>";
		};
		17B4E19E295CFC9000940758 /* Model */ = {
			isa = PBXGroup;
			children = (
				17B4E19B295CFC3C00940758 /* WeatherManager.swift */,
				17B4E19F295D6A3900940758 /* Weather Data.swift */,
				17B4E1A1295EBDF600940758 /* Weather Model.swift */,
			);
			path = Model;
			sourceTree = "<group>";
		};
		17C6A309295420AB004E7234 = {
			isa = PBXGroup;
			children = (
				1743C8552966876C006F2252 /* README.md */,
				17C6A314295420AB004E7234 /* Clima_bymyself */,
				17C6A313295420AB004E7234 /* Products */,
			);
			sourceTree = "<group>";
		};
		17C6A313295420AB004E7234 /* Products */ = {
			isa = PBXGroup;
			children = (
				17C6A312295420AB004E7234 /* Clima_bymyself.app */,
			);
			name = Products;
			sourceTree = "<group>";
		};
		17C6A314295420AB004E7234 /* Clima_bymyself */ = {
			isa = PBXGroup;
			children = (
				17C6A315295420AB004E7234 /* AppDelegate.swift */,
				17C6A317295420AB004E7234 /* SceneDelegate.swift */,
				17B4E19E295CFC9000940758 /* Model */,
				17B4E19D295CFC8800940758 /* View */,
				17B4E19A295CFC1B00940758 /* Controller */,
				17C6A31E295420AC004E7234 /* Assets.xcassets */,
				17C6A320295420AC004E7234 /* LaunchScreen.storyboard */,
				17C6A323295420AC004E7234 /* Info.plist */,
			);
			path = Clima_bymyself;
			sourceTree = "<group>";
		};
/* End PBXGroup section */

/* Begin PBXNativeTarget section */
		17C6A311295420AB004E7234 /* Clima_bymyself */ = {
			isa = PBXNativeTarget;
			buildConfigurationList = 17C6A326295420AC004E7234 /* Build configuration list for PBXNativeTarget "Clima_bymyself" */;
			buildPhases = (
				17C6A30E295420AB004E7234 /* Sources */,
				17C6A30F295420AB004E7234 /* Frameworks */,
				17C6A310295420AB004E7234 /* Resources */,
			);
			buildRules = (
			);
			dependencies = (
			);
			name = Clima_bymyself;
			productName = Clima_bymyself;
			productReference = 17C6A312295420AB004E7234 /* Clima_bymyself.app */;
			productType = "com.apple.product-type.application";
		};
/* End PBXNativeTarget section */

/* Begin PBXProject section */
		17C6A30A295420AB004E7234 /* Project object */ = {
			isa = PBXProject;
			attributes = {
				BuildIndependentTargetsInParallel = 1;
				LastSwiftUpdateCheck = 1410;
				LastUpgradeCheck = 1410;
				TargetAttributes = {
					17C6A311295420AB004E7234 = {
						CreatedOnToolsVersion = 14.1;
					};
				};
			};
			buildConfigurationList = 17C6A30D295420AB004E7234 /* Build configuration list for PBXProject "Clima_bymyself" */;
			compatibilityVersion = "Xcode 14.0";
			developmentRegion = en;
			hasScannedForEncodings = 0;
			knownRegions = (
				en,
				Base,
			);
			mainGroup = 17C6A309295420AB004E7234;
			productRefGroup = 17C6A313295420AB004E7234 /* Products */;
			projectDirPath = "";
			projectRoot = "";
			targets = (
				17C6A311295420AB004E7234 /* Clima_bymyself */,
			);
		};
/* End PBXProject section */

/* Begin PBXResourcesBuildPhase section */
		17C6A310295420AB004E7234 /* Resources */ = {
			isa = PBXResourcesBuildPhase;
			buildActionMask = 2147483647;
			files = (
				17C6A322295420AC004E7234 /* LaunchScreen.storyboard in Resources */,
				17C6A31F295420AC004E7234 /* Assets.xcassets in Resources */,
				17C6A31D295420AB004E7234 /* Main.storyboard in Resources */,
			);
			runOnlyForDeploymentPostprocessing = 0;
		};
/* End PBXResourcesBuildPhase section */

/* Begin PBXSourcesBuildPhase section */
		17C6A30E295420AB004E7234 /* Sources */ = {
			isa = PBXSourcesBuildPhase;
			buildActionMask = 2147483647;
			files = (
				17B4E1A0295D6A3900940758 /* Weather Data.swift in Sources */,
				17B4E1A2295EBDF600940758 /* Weather Model.swift in Sources */,
				17C6A31A295420AB004E7234 /* WeatherViewController.swift in Sources */,
				17C6A316295420AB004E7234 /* AppDelegate.swift in Sources */,
				17B4E19C295CFC3C00940758 /* WeatherManager.swift in Sources */,
				17C6A318295420AB004E7234 /* SceneDelegate.swift in Sources */,
			);
			runOnlyForDeploymentPostprocessing = 0;
		};
/* End PBXSourcesBuildPhase section */

/* Begin PBXVariantGroup section */
		17C6A31B295420AB004E7234 /* Main.storyboard */ = {
			isa = PBXVariantGroup;
			children = (
				17C6A31C295420AB004E7234 /* Base */,
			);
			name = Main.storyboard;
			sourceTree = "<group>";
		};
		17C6A320295420AC004E7234 /* LaunchScreen.storyboard */ = {
			isa = PBXVariantGroup;
			children = (
				17C6A321295420AC004E7234 /* Base */,
			);
			name = LaunchScreen.storyboard;
			sourceTree = "<group>";
		};
/* End PBXVariantGroup section */

/* Begin XCBuildConfiguration section */
		17C6A324295420AC004E7234 /* Debug */ = {
			isa = XCBuildConfiguration;
			buildSettings = {
				ALWAYS_SEARCH_USER_PATHS = NO;
				CLANG_ANALYZER_NONNULL = YES;
				CLANG_ANALYZER_NUMBER_OBJECT_CONVERSION = YES_AGGRESSIVE;
				CLANG_CXX_LANGUAGE_STANDARD = "gnu++20";
				CLANG_ENABLE_MODULES = YES;
				CLANG_ENABLE_OBJC_ARC = YES;
				CLANG_ENABLE_OBJC_WEAK = YES;
				CLANG_WARN_BLOCK_CAPTURE_AUTORELEASING = YES;
				CLANG_WARN_BOOL_CONVERSION = YES;
				CLANG_WARN_COMMA = YES;
				CLANG_WARN_CONSTANT_CONVERSION = YES;
				CLANG_WARN_DEPRECATED_OBJC_IMPLEMENTATIONS = YES;
				CLANG_WARN_DIRECT_OBJC_ISA_USAGE = YES_ERROR;
				CLANG_WARN_DOCUMENTATION_COMMENTS = YES;
				CLANG_WARN_EMPTY_BODY = YES;
				CLANG_WARN_ENUM_CONVERSION = YES;
				CLANG_WARN_INFINITE_RECURSION = YES;
				CLANG_WARN_INT_CONVERSION = YES;
				CLANG_WARN_NON_LITERAL_NULL_CONVERSION = YES;
				CLANG_WARN_OBJC_IMPLICIT_RETAIN_SELF = YES;
				CLANG_WARN_OBJC_LITERAL_CONVERSION = YES;
				CLANG_WARN_OBJC_ROOT_CLASS = YES_ERROR;
				CLANG_WARN_QUOTED_INCLUDE_IN_FRAMEWORK_HEADER = YES;
				CLANG_WARN_RANGE_LOOP_ANALYSIS = YES;
				CLANG_WARN_STRICT_PROTOTYPES = YES;
				CLANG_WARN_SUSPICIOUS_MOVE = YES;
				CLANG_WARN_UNGUARDED_AVAILABILITY = YES_AGGRESSIVE;
				CLANG_WARN_UNREACHABLE_CODE = YES;
				CLANG_WARN__DUPLICATE_METHOD_MATCH = YES;
				COPY_PHASE_STRIP = NO;
				DEBUG_INFORMATION_FORMAT = dwarf;
				ENABLE_STRICT_OBJC_MSGSEND = YES;
				ENABLE_TESTABILITY = YES;
				GCC_C_LANGUAGE_STANDARD = gnu11;
				GCC_DYNAMIC_NO_PIC = NO;
				GCC_NO_COMMON_BLOCKS = YES;
				GCC_OPTIMIZATION_LEVEL = 0;
				GCC_PREPROCESSOR_DEFINITIONS = (
					"DEBUG=1",
					"$(inherited)",
				);
				GCC_WARN_64_TO_32_BIT_CONVERSION = YES;
				GCC_WARN_ABOUT_RETURN_TYPE = YES_ERROR;
				GCC_WARN_UNDECLARED_SELECTOR = YES;
				GCC_WARN_UNINITIALIZED_AUTOS = YES_AGGRESSIVE;
				GCC_WARN_UNUSED_FUNCTION = YES;
				GCC_WARN_UNUSED_VARIABLE = YES;
				IPHONEOS_DEPLOYMENT_TARGET = 16.1;
				MTL_ENABLE_DEBUG_INFO = INCLUDE_SOURCE;
				MTL_FAST_MATH = YES;
				ONLY_ACTIVE_ARCH = YES;
				SDKROOT = iphoneos;
				SWIFT_ACTIVE_COMPILATION_CONDITIONS = DEBUG;
				SWIFT_OPTIMIZATION_LEVEL = "-Onone";
			};
			name = Debug;
		};
		17C6A325295420AC004E7234 /* Release */ = {
			isa = XCBuildConfiguration;
			buildSettings = {
				ALWAYS_SEARCH_USER_PATHS = NO;
				CLANG_ANALYZER_NONNULL = YES;
				CLANG_ANALYZER_NUMBER_OBJECT_CONVERSION = YES_AGGRESSIVE;
				CLANG_CXX_LANGUAGE_STANDARD = "gnu++20";
				CLANG_ENABLE_MODULES = YES;
				CLANG_ENABLE_OBJC_ARC = YES;
				CLANG_ENABLE_OBJC_WEAK = YES;
				CLANG_WARN_BLOCK_CAPTURE_AUTORELEASING = YES;
				CLANG_WARN_BOOL_CONVERSION = YES;
				CLANG_WARN_COMMA = YES;
				CLANG_WARN_CONSTANT_CONVERSION = YES;
				CLANG_WARN_DEPRECATED_OBJC_IMPLEMENTATIONS = YES;
				CLANG_WARN_DIRECT_OBJC_ISA_USAGE = YES_ERROR;
				CLANG_WARN_DOCUMENTATION_COMMENTS = YES;
				CLANG_WARN_EMPTY_BODY = YES;
				CLANG_WARN_ENUM_CONVERSION = YES;
				CLANG_WARN_INFINITE_RECURSION = YES;
				CLANG_WARN_INT_CONVERSION = YES;
				CLANG_WARN_NON_LITERAL_NULL_CONVERSION = YES;
				CLANG_WARN_OBJC_IMPLICIT_RETAIN_SELF = YES;
				CLANG_WARN_OBJC_LITERAL_CONVERSION = YES;
				CLANG_WARN_OBJC_ROOT_CLASS = YES_ERROR;
				CLANG_WARN_QUOTED_INCLUDE_IN_FRAMEWORK_HEADER = YES;
				CLANG_WARN_RANGE_LOOP_ANALYSIS = YES;
				CLANG_WARN_STRICT_PROTOTYPES = YES;
				CLANG_WARN_SUSPICIOUS_MOVE = YES;
				CLANG_WARN_UNGUARDED_AVAILABILITY = YES_AGGRESSIVE;
				CLANG_WARN_UNREACHABLE_CODE = YES;
				CLANG_WARN__DUPLICATE_METHOD_MATCH = YES;
				COPY_PHASE_STRIP = NO;
				DEBUG_INFORMATION_FORMAT = "dwarf-with-dsym";
				ENABLE_NS_ASSERTIONS = NO;
				ENABLE_STRICT_OBJC_MSGSEND = YES;
				GCC_C_LANGUAGE_STANDARD = gnu11;
				GCC_NO_COMMON_BLOCKS = YES;
				GCC_WARN_64_TO_32_BIT_CONVERSION = YES;
				GCC_WARN_ABOUT_RETURN_TYPE = YES_ERROR;
				GCC_WARN_UNDECLARED_SELECTOR = YES;
				GCC_WARN_UNINITIALIZED_AUTOS = YES_AGGRESSIVE;
				GCC_WARN_UNUSED_FUNCTION = YES;
				GCC_WARN_UNUSED_VARIABLE = YES;
				IPHONEOS_DEPLOYMENT_TARGET = 16.1;
				MTL_ENABLE_DEBUG_INFO = NO;
				MTL_FAST_MATH = YES;
				SDKROOT = iphoneos;
				SWIFT_COMPILATION_MODE = wholemodule;
				SWIFT_OPTIMIZATION_LEVEL = "-O";
				VALIDATE_PRODUCT = YES;
			};
			name = Release;
		};
		17C6A327295420AC004E7234 /* Debug */ = {
			isa = XCBuildConfiguration;
			buildSettings = {
				ASSETCATALOG_COMPILER_APPICON_NAME = AppIcon;
				ASSETCATALOG_COMPILER_GLOBAL_ACCENT_COLOR_NAME = AccentColor;
				CODE_SIGN_STYLE = Automatic;
				CURRENT_PROJECT_VERSION = 1;
				DEVELOPMENT_TEAM = H5BHKL6637;
				GENERATE_INFOPLIST_FILE = YES;
				INFOPLIST_FILE = Clima_bymyself/Info.plist;
				INFOPLIST_KEY_UIApplicationSupportsIndirectInputEvents = YES;
				INFOPLIST_KEY_UILaunchStoryboardName = LaunchScreen;
				INFOPLIST_KEY_UIMainStoryboardFile = Main;
				INFOPLIST_KEY_UISupportedInterfaceOrientations_iPad = "UIInterfaceOrientationPortrait UIInterfaceOrientationPortraitUpsideDown UIInterfaceOrientationLandscapeLeft UIInterfaceOrientationLandscapeRight";
				INFOPLIST_KEY_UISupportedInterfaceOrientations_iPhone = "UIInterfaceOrientationPortrait UIInterfaceOrientationLandscapeLeft UIInterfaceOrientationLandscapeRight";
				IPHONEOS_DEPLOYMENT_TARGET = 13.0;
				LD_RUNPATH_SEARCH_PATHS = (
					"$(inherited)",
					"@executable_path/Frameworks",
				);
				MARKETING_VERSION = 1.0;
				PRODUCT_BUNDLE_IDENTIFIER = "com.alexkwon.Clima-bymyself";
				PRODUCT_NAME = "$(TARGET_NAME)";
				SWIFT_EMIT_LOC_STRINGS = YES;
				SWIFT_VERSION = 5.0;
				TARGETED_DEVICE_FAMILY = "1,2";
			};
			name = Debug;
		};
		17C6A328295420AC004E7234 /* Release */ = {
			isa = XCBuildConfiguration;
			buildSettings = {
				ASSETCATALOG_COMPILER_APPICON_NAME = AppIcon;
				ASSETCATALOG_COMPILER_GLOBAL_ACCENT_COLOR_NAME = AccentColor;
				CODE_SIGN_STYLE = Automatic;
				CURRENT_PROJECT_VERSION = 1;
				DEVELOPMENT_TEAM = H5BHKL6637;
				GENERATE_INFOPLIST_FILE = YES;
				INFOPLIST_FILE = Clima_bymyself/Info.plist;
				INFOPLIST_KEY_UIApplicationSupportsIndirectInputEvents = YES;
				INFOPLIST_KEY_UILaunchStoryboardName = LaunchScreen;
				INFOPLIST_KEY_UIMainStoryboardFile = Main;
				INFOPLIST_KEY_UISupportedInterfaceOrientations_iPad = "UIInterfaceOrientationPortrait UIInterfaceOrientationPortraitUpsideDown UIInterfaceOrientationLandscapeLeft UIInterfaceOrientationLandscapeRight";
				INFOPLIST_KEY_UISupportedInterfaceOrientations_iPhone = "UIInterfaceOrientationPortrait UIInterfaceOrientationLandscapeLeft UIInterfaceOrientationLandscapeRight";
				IPHONEOS_DEPLOYMENT_TARGET = 13.0;
				LD_RUNPATH_SEARCH_PATHS = (
					"$(inherited)",
					"@executable_path/Frameworks",
				);
				MARKETING_VERSION = 1.0;
				PRODUCT_BUNDLE_IDENTIFIER = "com.alexkwon.Clima-bymyself";
				PRODUCT_NAME = "$(TARGET_NAME)";
				SWIFT_EMIT_LOC_STRINGS = YES;
				SWIFT_VERSION = 5.0;
				TARGETED_DEVICE_FAMILY = "1,2";
			};
			name = Release;
		};
/* End XCBuildConfiguration section */

/* Begin XCConfigurationList section */
		17C6A30D295420AB004E7234 /* Build configuration list for PBXProject "Clima_bymyself" */ = {
			isa = XCConfigurationList;
			buildConfigurations = (
				17C6A324295420AC004E7234 /* Debug */,
				17C6A325295420AC004E7234 /* Release */,
			);
			defaultConfigurationIsVisible = 0;
			defaultConfigurationName = Release;
		};
		17C6A326295420AC004E7234 /* Build configuration list for PBXNativeTarget "Clima_bymyself" */ = {
			isa = XCConfigurationList;
			buildConfigurations = (
				17C6A327295420AC004E7234 /* Debug */,
				17C6A328295420AC004E7234 /* Release */,
			);
			defaultConfigurationIsVisible = 0;
			defaultConfigurationName = Release;
		};
/* End XCConfigurationList section */
	};
	rootObject = 17C6A30A295420AB004E7234 /* Project object */;
}
